PODS:
  - Alamofire (5.9.1)
  - Kingfisher (7.12.0)
  - R.swift (7.3.2)
  - Realm (10.52.2):
    - Realm/Headers (= 10.52.2)
  - Realm/Headers (10.52.2)
  - RealmSwift (10.52.2):
    - Realm (= 10.52.2)

DEPENDENCIES:
  - Alamofire
  - Kingfisher
  - R.swift
  - RealmSwift (~> 10)

SPEC REPOS:
  trunk:
    - Alamofire
    - Kingfisher
    - R.swift
    - Realm
    - RealmSwift

SPEC CHECKSUMS:
  Alamofire: f36a35757af4587d8e4f4bfa223ad10be2422b8c
  Kingfisher: 53a10ea35051a436b5fb626ca2dd8f3144d755e9
  R.swift: 0af0d882f49f03711415cb4e5215daa977d8a480
  Realm: e44eb7d20fe469fe1179894fd356727b8fbe61c2
  RealmSwift: 7aacbd3101158f7d54c930bcfcfaafadbd376ffc

PODFILE CHECKSUM: ed711bb1a5ff1eaf52a1ef0d0d7b9d7baa9d3468

COCOAPODS: 1.15.2
